
Microsoft Visual Studio Solution File, Format Version 12.00
# Visual Studio Version 16
VisualStudioVersion = 16.0.29806.167
MinimumVisualStudioVersion = 10.0.40219.1
Project("{FAE04EC0-301F-11D3-BF4B-00C04F79EFBC}") = "WasatchNET", "WasatchNET\WasatchNET.csproj", "{6C29D82F-9444-4CA0-A061-213F1A56DE8D}"
EndProject
Project("{FAE04EC0-301F-11D3-BF4B-00C04F79EFBC}") = "WinFormDemo", "WinFormDemo\WinFormDemo.csproj", "{68907C2C-2EFE-4250-9A48-35C8A1A0C70C}"
EndProject
Project("{FAE04EC0-301F-11D3-BF4B-00C04F79EFBC}") = "UnitTests", "UnitTests\UnitTests.csproj", "{D2981094-ABEC-493B-873E-0902BEA23D44}"
EndProject
Project("{54435603-DBB4-11D2-8724-00A0C9A8B90C}") = "Setup64", "Setup64\Setup64.vdproj", "{B11A807F-75ED-4EA3-8343-56115DA2BA6D}"
EndProject
Project("{54435603-DBB4-11D2-8724-00A0C9A8B90C}") = "Setup32", "Setup32\Setup32.vdproj", "{5F1185C8-44A2-4579-92EF-0CAF6DB88194}"
EndProject
Project("{FAE04EC0-301F-11D3-BF4B-00C04F79EFBC}") = "MultiChannelDemo", "MultiChannelDemo\MultiChannelDemo.csproj", "{BC69C22C-1FC3-460D-87FA-06B63BB27231}"
EndProject
Project("{FAE04EC0-301F-11D3-BF4B-00C04F79EFBC}") = "DomainTest", "DomainTest\DomainTest.csproj", "{65590FA8-A1E8-4009-B8D1-B8F8796542EA}"
EndProject
Project("{54435603-DBB4-11D2-8724-00A0C9A8B90C}") = "SetupAnyCPU", "SetupAnyCPU\SetupAnyCPU.vdproj", "{68C61618-E608-439C-AAD5-DEAD0C32DF37}"
EndProject
Global
	GlobalSection(SolutionConfigurationPlatforms) = preSolution
		Debug|Any CPU = Debug|Any CPU
		Debug|x64 = Debug|x64
		Debug|x86 = Debug|x86
		Release|Any CPU = Release|Any CPU
		Release|x64 = Release|x64
		Release|x86 = Release|x86
	EndGlobalSection
	GlobalSection(ProjectConfigurationPlatforms) = postSolution
		{6C29D82F-9444-4CA0-A061-213F1A56DE8D}.Debug|Any CPU.ActiveCfg = Debug|Any CPU
		{6C29D82F-9444-4CA0-A061-213F1A56DE8D}.Debug|Any CPU.Build.0 = Debug|Any CPU
		{6C29D82F-9444-4CA0-A061-213F1A56DE8D}.Debug|x64.ActiveCfg = Debug|x64
		{6C29D82F-9444-4CA0-A061-213F1A56DE8D}.Debug|x64.Build.0 = Debug|x64
		{6C29D82F-9444-4CA0-A061-213F1A56DE8D}.Debug|x86.ActiveCfg = Debug|x86
		{6C29D82F-9444-4CA0-A061-213F1A56DE8D}.Debug|x86.Build.0 = Debug|x86
		{6C29D82F-9444-4CA0-A061-213F1A56DE8D}.Release|Any CPU.ActiveCfg = Release|Any CPU
		{6C29D82F-9444-4CA0-A061-213F1A56DE8D}.Release|Any CPU.Build.0 = Release|Any CPU
		{6C29D82F-9444-4CA0-A061-213F1A56DE8D}.Release|x64.ActiveCfg = Release|x64
		{6C29D82F-9444-4CA0-A061-213F1A56DE8D}.Release|x64.Build.0 = Release|x64
		{6C29D82F-9444-4CA0-A061-213F1A56DE8D}.Release|x86.ActiveCfg = Release|x86
		{6C29D82F-9444-4CA0-A061-213F1A56DE8D}.Release|x86.Build.0 = Release|x86
		{68907C2C-2EFE-4250-9A48-35C8A1A0C70C}.Debug|Any CPU.ActiveCfg = Debug|Any CPU
		{68907C2C-2EFE-4250-9A48-35C8A1A0C70C}.Debug|Any CPU.Build.0 = Debug|Any CPU
		{68907C2C-2EFE-4250-9A48-35C8A1A0C70C}.Debug|x64.ActiveCfg = Debug|x64
		{68907C2C-2EFE-4250-9A48-35C8A1A0C70C}.Debug|x64.Build.0 = Debug|x64
		{68907C2C-2EFE-4250-9A48-35C8A1A0C70C}.Debug|x86.ActiveCfg = Debug|x86
		{68907C2C-2EFE-4250-9A48-35C8A1A0C70C}.Debug|x86.Build.0 = Debug|x86
		{68907C2C-2EFE-4250-9A48-35C8A1A0C70C}.Release|Any CPU.ActiveCfg = Release|Any CPU
		{68907C2C-2EFE-4250-9A48-35C8A1A0C70C}.Release|Any CPU.Build.0 = Release|Any CPU
		{68907C2C-2EFE-4250-9A48-35C8A1A0C70C}.Release|x64.ActiveCfg = Release|x64
		{68907C2C-2EFE-4250-9A48-35C8A1A0C70C}.Release|x64.Build.0 = Release|x64
		{68907C2C-2EFE-4250-9A48-35C8A1A0C70C}.Release|x86.ActiveCfg = Release|x86
		{68907C2C-2EFE-4250-9A48-35C8A1A0C70C}.Release|x86.Build.0 = Release|x86
		{D2981094-ABEC-493B-873E-0902BEA23D44}.Debug|Any CPU.ActiveCfg = Debug|Any CPU
		{D2981094-ABEC-493B-873E-0902BEA23D44}.Debug|x64.ActiveCfg = Debug|x64
		{D2981094-ABEC-493B-873E-0902BEA23D44}.Debug|x64.Build.0 = Debug|x64
		{D2981094-ABEC-493B-873E-0902BEA23D44}.Debug|x86.ActiveCfg = Debug|x86
		{D2981094-ABEC-493B-873E-0902BEA23D44}.Debug|x86.Build.0 = Debug|x86
		{D2981094-ABEC-493B-873E-0902BEA23D44}.Release|Any CPU.ActiveCfg = Release|Any CPU
		{D2981094-ABEC-493B-873E-0902BEA23D44}.Release|x64.ActiveCfg = Release|x64
		{D2981094-ABEC-493B-873E-0902BEA23D44}.Release|x64.Build.0 = Release|x64
		{D2981094-ABEC-493B-873E-0902BEA23D44}.Release|x86.ActiveCfg = Release|x86
		{D2981094-ABEC-493B-873E-0902BEA23D44}.Release|x86.Build.0 = Release|x86
		{B11A807F-75ED-4EA3-8343-56115DA2BA6D}.Debug|Any CPU.ActiveCfg = Debug
		{B11A807F-75ED-4EA3-8343-56115DA2BA6D}.Debug|x64.ActiveCfg = Debug
		{B11A807F-75ED-4EA3-8343-56115DA2BA6D}.Debug|x64.Build.0 = Debug
		{B11A807F-75ED-4EA3-8343-56115DA2BA6D}.Debug|x86.ActiveCfg = Debug
		{B11A807F-75ED-4EA3-8343-56115DA2BA6D}.Release|Any CPU.ActiveCfg = Release
		{B11A807F-75ED-4EA3-8343-56115DA2BA6D}.Release|x64.ActiveCfg = Release
		{B11A807F-75ED-4EA3-8343-56115DA2BA6D}.Release|x64.Build.0 = Release
		{B11A807F-75ED-4EA3-8343-56115DA2BA6D}.Release|x86.ActiveCfg = Release
		{5F1185C8-44A2-4579-92EF-0CAF6DB88194}.Debug|Any CPU.ActiveCfg = Debug
		{5F1185C8-44A2-4579-92EF-0CAF6DB88194}.Debug|x64.ActiveCfg = Debug
		{5F1185C8-44A2-4579-92EF-0CAF6DB88194}.Debug|x86.ActiveCfg = Debug
		{5F1185C8-44A2-4579-92EF-0CAF6DB88194}.Debug|x86.Build.0 = Debug
		{5F1185C8-44A2-4579-92EF-0CAF6DB88194}.Release|Any CPU.ActiveCfg = Release
		{5F1185C8-44A2-4579-92EF-0CAF6DB88194}.Release|x64.ActiveCfg = Release
		{5F1185C8-44A2-4579-92EF-0CAF6DB88194}.Release|x86.ActiveCfg = Release
		{5F1185C8-44A2-4579-92EF-0CAF6DB88194}.Release|x86.Build.0 = Release
		{BC69C22C-1FC3-460D-87FA-06B63BB27231}.Debug|Any CPU.ActiveCfg = Debug|Any CPU
		{BC69C22C-1FC3-460D-87FA-06B63BB27231}.Debug|x64.ActiveCfg = Debug|x64
		{BC69C22C-1FC3-460D-87FA-06B63BB27231}.Debug|x86.ActiveCfg = Debug|x86
		{BC69C22C-1FC3-460D-87FA-06B63BB27231}.Release|Any CPU.ActiveCfg = Release|Any CPU
		{BC69C22C-1FC3-460D-87FA-06B63BB27231}.Release|x64.ActiveCfg = Release|Any CPU
		{BC69C22C-1FC3-460D-87FA-06B63BB27231}.Release|x86.ActiveCfg = Release|Any CPU
		{65590FA8-A1E8-4009-B8D1-B8F8796542EA}.Debug|Any CPU.ActiveCfg = Debug|Any CPU
		{65590FA8-A1E8-4009-B8D1-B8F8796542EA}.Debug|x64.ActiveCfg = Debug|x64
		{65590FA8-A1E8-4009-B8D1-B8F8796542EA}.Debug|x86.ActiveCfg = Debug|x86
		{65590FA8-A1E8-4009-B8D1-B8F8796542EA}.Release|Any CPU.ActiveCfg = Release|Any CPU
		{65590FA8-A1E8-4009-B8D1-B8F8796542EA}.Release|x64.ActiveCfg = Release|Any CPU
		{65590FA8-A1E8-4009-B8D1-B8F8796542EA}.Release|x86.ActiveCfg = Release|Any CPU
		{68C61618-E608-439C-AAD5-DEAD0C32DF37}.Debug|Any CPU.ActiveCfg = Debug
		{68C61618-E608-439C-AAD5-DEAD0C32DF37}.Debug|Any CPU.Build.0 = Debug
		{68C61618-E608-439C-AAD5-DEAD0C32DF37}.Debug|x64.ActiveCfg = Debug
		{68C61618-E608-439C-AAD5-DEAD0C32DF37}.Debug|x86.ActiveCfg = Debug
		{68C61618-E608-439C-AAD5-DEAD0C32DF37}.Release|Any CPU.ActiveCfg = Release
		{68C61618-E608-439C-AAD5-DEAD0C32DF37}.Release|Any CPU.Build.0 = Release
		{68C61618-E608-439C-AAD5-DEAD0C32DF37}.Release|x64.ActiveCfg = Release
		{68C61618-E608-439C-AAD5-DEAD0C32DF37}.Release|x86.ActiveCfg = Release
	EndGlobalSection
	GlobalSection(SolutionProperties) = preSolution
		HideSolutionNode = FALSE
	EndGlobalSection
	GlobalSection(ExtensibilityGlobals) = postSolution
		SolutionGuid = {FC174C69-79F2-4EE5-B4F8-F41DD7528EEB}
	EndGlobalSection
EndGlobal
